
Microsoft Visual Studio Solution File, Format Version 12.00
# Visual Studio Version 17
VisualStudioVersion = 17.4.32804.182
MinimumVisualStudioVersion = 10.0.40219.1
Project("{9A19103F-16F7-4668-BE54-9A1E7A4F7556}") = "BLL", "BLL\BLL.csproj", "{0B6B91ED-EC61-4471-9352-51FB7546A23F}"
EndProject
Project("{9A19103F-16F7-4668-BE54-9A1E7A4F7556}") = "DAL", "DAL\DAL.csproj", "{762D71C3-09DD-45B2-99AB-051F32C8B185}"
EndProject
Project("{9A19103F-16F7-4668-BE54-9A1E7A4F7556}") = "Common", "Common\Common.csproj", "{1BF57448-E67A-4599-895E-D3CF51DED9F8}"
EndProject
Project("{FAE04EC0-301F-11D3-BF4B-00C04F79EFBC}") = "WebManage", "WebManage\WebManage.csproj", "{E9328954-9A92-6DA6-3D68-1CA8CF1404EC}"
EndProject
Project("{FAE04EC0-301F-11D3-BF4B-00C04F79EFBC}") = "WebBackend", "WebBackend\WebBackend.csproj", "{2CA3B989-8762-42E1-AD6D-FC5B7BEC3733}"
EndProject
Project("{FAE04EC0-301F-11D3-BF4B-00C04F79EFBC}") = "Web", "Web\Web.csproj", "{E9E4FFC6-CF25-48CD-8328-9E4AF1E1F710}"
EndProject
Global
	GlobalSection(SolutionConfigurationPlatforms) = preSolution
		Debug|Any CPU = Debug|Any CPU
		Release|Any CPU = Release|Any CPU
	EndGlobalSection
	GlobalSection(ProjectConfigurationPlatforms) = postSolution
		{0B6B91ED-EC61-4471-9352-51FB7546A23F}.Debug|Any CPU.ActiveCfg = Debug|Any CPU
		{0B6B91ED-EC61-4471-9352-51FB7546A23F}.Debug|Any CPU.Build.0 = Debug|Any CPU
		{0B6B91ED-EC61-4471-9352-51FB7546A23F}.Release|Any CPU.ActiveCfg = Release|Any CPU
		{0B6B91ED-EC61-4471-9352-51FB7546A23F}.Release|Any CPU.Build.0 = Release|Any CPU
		{762D71C3-09DD-45B2-99AB-051F32C8B185}.Debug|Any CPU.ActiveCfg = Debug|Any CPU
		{762D71C3-09DD-45B2-99AB-051F32C8B185}.Debug|Any CPU.Build.0 = Debug|Any CPU
		{762D71C3-09DD-45B2-99AB-051F32C8B185}.Release|Any CPU.ActiveCfg = Release|Any CPU
		{762D71C3-09DD-45B2-99AB-051F32C8B185}.Release|Any CPU.Build.0 = Release|Any CPU
		{1BF57448-E67A-4599-895E-D3CF51DED9F8}.Debug|Any CPU.ActiveCfg = Debug|Any CPU
		{1BF57448-E67A-4599-895E-D3CF51DED9F8}.Debug|Any CPU.Build.0 = Debug|Any CPU
		{1BF57448-E67A-4599-895E-D3CF51DED9F8}.Release|Any CPU.ActiveCfg = Release|Any CPU
		{1BF57448-E67A-4599-895E-D3CF51DED9F8}.Release|Any CPU.Build.0 = Release|Any CPU
		{E9328954-9A92-6DA6-3D68-1CA8CF1404EC}.Debug|Any CPU.ActiveCfg = Debug|Any CPU
		{E9328954-9A92-6DA6-3D68-1CA8CF1404EC}.Debug|Any CPU.Build.0 = Debug|Any CPU
		{E9328954-9A92-6DA6-3D68-1CA8CF1404EC}.Release|Any CPU.ActiveCfg = Release|Any CPU
		{E9328954-9A92-6DA6-3D68-1CA8CF1404EC}.Release|Any CPU.Build.0 = Release|Any CPU
		{2CA3B989-8762-42E1-AD6D-FC5B7BEC3733}.Debug|Any CPU.ActiveCfg = Debug|Any CPU
		{2CA3B989-8762-42E1-AD6D-FC5B7BEC3733}.Debug|Any CPU.Build.0 = Debug|Any CPU
		{2CA3B989-8762-42E1-AD6D-FC5B7BEC3733}.Release|Any CPU.ActiveCfg = Release|Any CPU
		{2CA3B989-8762-42E1-AD6D-FC5B7BEC3733}.Release|Any CPU.Build.0 = Release|Any CPU
		{E9E4FFC6-CF25-48CD-8328-9E4AF1E1F710}.Debug|Any CPU.ActiveCfg = Debug|Any CPU
		{E9E4FFC6-CF25-48CD-8328-9E4AF1E1F710}.Debug|Any CPU.Build.0 = Debug|Any CPU
		{E9E4FFC6-CF25-48CD-8328-9E4AF1E1F710}.Release|Any CPU.ActiveCfg = Release|Any CPU
		{E9E4FFC6-CF25-48CD-8328-9E4AF1E1F710}.Release|Any CPU.Build.0 = Release|Any CPU
	EndGlobalSection
	GlobalSection(SolutionProperties) = preSolution
		HideSolutionNode = FALSE
	EndGlobalSection
	GlobalSection(ExtensibilityGlobals) = postSolution
		SolutionGuid = {043DC7F8-0744-491A-B0BF-D8D6E0291811}
	EndGlobalSection
EndGlobal
